
Microsoft Visual Studio Solution File, Format Version 12.00
# Visual Studio Version 17
VisualStudioVersion = 17.12.35707.178
MinimumVisualStudioVersion = 10.0.40219.1
Project("{FAE04EC0-301F-11D3-BF4B-00C04F79EFBC}") = "Projeto.Sound", "Projeto.Sound\Projeto.Sound.csproj", "{6A2BAEC4-975D-4167-AFC6-8D813AACC8BE}"
EndProject
Project("{FAE04EC0-301F-11D3-BF4B-00C04F79EFBC}") = "Projeto.Data", "Projeto.Data\Projeto.Data.csproj", "{09C548FA-730D-4D67-9FC4-C1BB2C544094}"
EndProject
Project("{00D1A9C2-B5F0-4AF3-8072-F6C62B433612}") = "DataBase", "DataBase\DataBase.sqlproj", "{76A52682-D316-4303-B553-817A2072D25E}"
EndProject
Global
	GlobalSection(SolutionConfigurationPlatforms) = preSolution
		Debug|Any CPU = Debug|Any CPU
		Release|Any CPU = Release|Any CPU
	EndGlobalSection
	GlobalSection(ProjectConfigurationPlatforms) = postSolution
		{6A2BAEC4-975D-4167-AFC6-8D813AACC8BE}.Debug|Any CPU.ActiveCfg = Debug|Any CPU
		{6A2BAEC4-975D-4167-AFC6-8D813AACC8BE}.Debug|Any CPU.Build.0 = Debug|Any CPU
		{6A2BAEC4-975D-4167-AFC6-8D813AACC8BE}.Release|Any CPU.ActiveCfg = Release|Any CPU
		{6A2BAEC4-975D-4167-AFC6-8D813AACC8BE}.Release|Any CPU.Build.0 = Release|Any CPU
		{09C548FA-730D-4D67-9FC4-C1BB2C544094}.Debug|Any CPU.ActiveCfg = Debug|Any CPU
		{09C548FA-730D-4D67-9FC4-C1BB2C544094}.Debug|Any CPU.Build.0 = Debug|Any CPU
		{09C548FA-730D-4D67-9FC4-C1BB2C544094}.Release|Any CPU.ActiveCfg = Release|Any CPU
		{09C548FA-730D-4D67-9FC4-C1BB2C544094}.Release|Any CPU.Build.0 = Release|Any CPU
		{76A52682-D316-4303-B553-817A2072D25E}.Debug|Any CPU.ActiveCfg = Debug|Any CPU
		{76A52682-D316-4303-B553-817A2072D25E}.Debug|Any CPU.Build.0 = Debug|Any CPU
		{76A52682-D316-4303-B553-817A2072D25E}.Debug|Any CPU.Deploy.0 = Debug|Any CPU
		{76A52682-D316-4303-B553-817A2072D25E}.Release|Any CPU.ActiveCfg = Release|Any CPU
		{76A52682-D316-4303-B553-817A2072D25E}.Release|Any CPU.Build.0 = Release|Any CPU
		{76A52682-D316-4303-B553-817A2072D25E}.Release|Any CPU.Deploy.0 = Release|Any CPU
	EndGlobalSection
	GlobalSection(SolutionProperties) = preSolution
		HideSolutionNode = FALSE
	EndGlobalSection
EndGlobal
